
Microsoft Visual Studio Solution File, Format Version 12.00
# Visual Studio Version 16
VisualStudioVersion = 16.0.30309.148
MinimumVisualStudioVersion = 10.0.40219.1
Project("{9A19103F-16F7-4668-BE54-9A1E7A4F7556}") = "ConsoleAppChallenge", "ConsoleAppChallenge\ConsoleAppChallenge.csproj", "{5637C043-9353-42AF-8E52-B616F4D88091}"
EndProject
Project("{FAE04EC0-301F-11D3-BF4B-00C04F79EFBC}") = "CodeChallenge.API", "CodeChallenge.API\CodeChallenge.API.csproj", "{B3F162EE-BE68-441D-A0F7-CD9DB083D183}"
EndProject
Global
	GlobalSection(SolutionConfigurationPlatforms) = preSolution
		Debug|Any CPU = Debug|Any CPU
		Release|Any CPU = Release|Any CPU
	EndGlobalSection
	GlobalSection(ProjectConfigurationPlatforms) = postSolution
		{5637C043-9353-42AF-8E52-B616F4D88091}.Debug|Any CPU.ActiveCfg = Debug|Any CPU
		{5637C043-9353-42AF-8E52-B616F4D88091}.Debug|Any CPU.Build.0 = Debug|Any CPU
		{5637C043-9353-42AF-8E52-B616F4D88091}.Release|Any CPU.ActiveCfg = Release|Any CPU
		{5637C043-9353-42AF-8E52-B616F4D88091}.Release|Any CPU.Build.0 = Release|Any CPU
		{B3F162EE-BE68-441D-A0F7-CD9DB083D183}.Debug|Any CPU.ActiveCfg = Debug|Any CPU
		{B3F162EE-BE68-441D-A0F7-CD9DB083D183}.Debug|Any CPU.Build.0 = Debug|Any CPU
		{B3F162EE-BE68-441D-A0F7-CD9DB083D183}.Release|Any CPU.ActiveCfg = Release|Any CPU
		{B3F162EE-BE68-441D-A0F7-CD9DB083D183}.Release|Any CPU.Build.0 = Release|Any CPU
	EndGlobalSection
	GlobalSection(SolutionProperties) = preSolution
		HideSolutionNode = FALSE
	EndGlobalSection
	GlobalSection(ExtensibilityGlobals) = postSolution
		SolutionGuid = {EFF47DC3-92CB-4E5C-BF2A-E5A3D3F43AA2}
	EndGlobalSection
EndGlobal
